
Microsoft Visual Studio Solution File, Format Version 12.00
# Visual Studio Version 17
VisualStudioVersion = 17.7.34009.444
MinimumVisualStudioVersion = 10.0.40219.1
Project("{FAE04EC0-301F-11D3-BF4B-00C04F79EFBC}") = "Projekt LB3", "Projekt LB3\Projekt LB3.csproj", "{9A81EEC0-1F45-4836-9823-77525DBB724E}"
EndProject
Global
	GlobalSection(SolutionConfigurationPlatforms) = preSolution
		Debug|Any CPU = Debug|Any CPU
		Release|Any CPU = Release|Any CPU
	EndGlobalSection
	GlobalSection(ProjectConfigurationPlatforms) = postSolution
		{9A81EEC0-1F45-4836-9823-77525DBB724E}.Debug|Any CPU.ActiveCfg = Debug|Any CPU
		{9A81EEC0-1F45-4836-9823-77525DBB724E}.Debug|Any CPU.Build.0 = Debug|Any CPU
		{9A81EEC0-1F45-4836-9823-77525DBB724E}.Release|Any CPU.ActiveCfg = Release|Any CPU
		{9A81EEC0-1F45-4836-9823-77525DBB724E}.Release|Any CPU.Build.0 = Release|Any CPU
	EndGlobalSection
	GlobalSection(SolutionProperties) = preSolution
		HideSolutionNode = FALSE
	EndGlobalSection
	GlobalSection(ExtensibilityGlobals) = postSolution
		SolutionGuid = {3D4C166C-1A5B-4AB6-A410-45726D05C82D}
	EndGlobalSection
EndGlobal
